lockfileVersion: 5.4

importers:

  .:
    specifiers:
      turbo: ^1.2.14
    devDependencies:
      turbo: 1.2.14

  actor:
    specifiers:
      interface: workspace:*
    dependencies:
      interface: link:../interface

  interface:
    specifiers: {}

  provider:
    specifiers:
      interface: workspace:*
    dependencies:
      interface: link:../interface

packages:

  /turbo-darwin-64/1.2.14:
    resolution: {integrity: sha512-Fdx212fvhcbF/KKnSoenTtNLZ5Wzl+DDBmwHoHXmG2DX/1qFk4HD1/D6waCySZU1Hu1bQToIimEyrWgwAkCVbQ==}
    cpu: [x64]
    os: [darwin]
    requiresBuild: true
    dev: true
    optional: true

  /turbo-darwin-arm64/1.2.14:
    resolution: {integrity: sha512-B9LRgZKW1D8EwMLNhW6n8pADiZZ+M7Qgb/Pv9DAJM+/MW5ozRn/PBA4Y+teyx2dGuaMOzvX9QzRhT1jn5U71TA==}
    cpu: [arm64]
    os: [darwin]
    requiresBuild: true
    dev: true
    optional: true

  /turbo-freebsd-64/1.2.14:
    resolution: {integrity: sha512-kmDgDZXS3vdDremUPPkaY4bAtEyqqUnhcH3tVGsHZJ6OF1eCoy+oiXWa9Aw7Wm2B0Ph5TyMooOjChgE44q4cMA==}
    cpu: [x64]
    os: [freebsd]
    requiresBuild: true
    dev: true
    optional: true

  /turbo-freebsd-arm64/1.2.14:
    resolution: {integrity: sha512-ZDbxkIXkBQJGJOrwihmfbza+jnfObMspbThEL0bp/MtMJS8QO4NELyjHDM0LgTfecduXtS1rJMSe7pZjiEK/Vg==}
    cpu: [arm64]
    os: [freebsd]
    requiresBuild: true
    dev: true
    optional: true

  /turbo-linux-32/1.2.14:
    resolution: {integrity: sha512-fBGbevGtvbGV5bK+w6O8vve5C07TbdfIk5j59odTZo782F4Xs7fgY57mRQtNOq71YUW9Hs7FGrLUI1iRsVODAA==}
    cpu: [ia32]
    os: [linux]
    requiresBuild: true
    dev: true
    optional: true

  /turbo-linux-64/1.2.14:
    resolution: {integrity: sha512-im46sHYjZ/yl4JSmjF8HbgHpvClVHtFMvIkRVnJGuJK+e74L5YVX7ML/o1PdBj4NtQNNxyPRWfit7zfM/yLjtQ==}
    cpu: [x64]
    os: [linux]
    requiresBuild: true
    dev: true
    optional: true

  /turbo-linux-arm/1.2.14:
    resolution: {integrity: sha512-d8v53TxIQpq6w3RFxcOyHrQzLcvgyA3VC9oxZ2phZtlcTvjjZulYmuToUAHdRW24cA2DGZkwA2wSF//zJoBcdQ==}
    cpu: [arm]
    os: [linux]
    requiresBuild: true
    dev: true
    optional: true

  /turbo-linux-arm64/1.2.14:
    resolution: {integrity: sha512-qyusEtylnt5cF2+jIOMIN4iCzMG/tur2y3++YeKRCdGaboPUbsfCcTXbhM29VxxNWw5JVxh7FC0+ZUsEFRYDNg==}
    cpu: [arm64]
    os: [linux]
    requiresBuild: true
    dev: true
    optional: true

  /turbo-linux-mips64le/1.2.14:
    resolution: {integrity: sha512-zKPi9ArRDu4BKB8YmcQ6i89Hhzd5xk4W+m7YuZKBmeEVCFBDUUAyWnKsvmBoYuGTpdQqMSH14BdYMTr5s2thjw==}
    cpu: [mips64el]
    os: [linux]
    requiresBuild: true
    dev: true
    optional: true

  /turbo-linux-ppc64le/1.2.14:
    resolution: {integrity: sha512-gW43yKJjSHZjZdjI/MihrnIEACnwhB+okJJjYYFKuEteJF+TCWHvY3rfL9MFI7vH2zwFUgoncIOuGvaeZo3K0A==}
    cpu: [ppc64]
    os: [linux]
    requiresBuild: true
    dev: true
    optional: true

  /turbo-windows-32/1.2.14:
    resolution: {integrity: sha512-BMqpSaHx5mgvMdXotMoVinU3dSGBoRdZZkwOAs8R0WPUCwZVMPo6fTuKIhcOlKFOt6swQGFD02IzCWD+SGfEuA==}
    cpu: [ia32]
    os: [win32]
    requiresBuild: true
    dev: true
    optional: true

  /turbo-windows-64/1.2.14:
    resolution: {integrity: sha512-SA9YNAyZ2wYBccPtWbQckpSZOAuhH71893UZsstRWUEUj/cZ+PFpwNGTrHTGoySbwQPbOVHQNXEO7QX405Ajow==}
    cpu: [x64]
    os: [win32]
    requiresBuild: true
    dev: true
    optional: true

  /turbo-windows-arm64/1.2.14:
    resolution: {integrity: sha512-VNxbJ2LlRWzkiRE15nwW4oA/wBMFf1h8fuPCHHXtB6ThjfeG8SN5QgPUrhTIP4p7WiEdN/Sq7UJzFrGA4I8jqg==}
    cpu: [arm64]
    os: [win32]
    requiresBuild: true
    dev: true
    optional: true

  /turbo/1.2.14:
    resolution: {integrity: sha512-una2aE2agjTT2SgC3kCmUrYIPy5uh5NLPQrRCKKBIgvII90vyajvFhcq+yJUYdh5f+2o0xb/9YXaj+FAITds0A==}
    hasBin: true
    requiresBuild: true
    optionalDependencies:
      turbo-darwin-64: 1.2.14
      turbo-darwin-arm64: 1.2.14
      turbo-freebsd-64: 1.2.14
      turbo-freebsd-arm64: 1.2.14
      turbo-linux-32: 1.2.14
      turbo-linux-64: 1.2.14
      turbo-linux-arm: 1.2.14
      turbo-linux-arm64: 1.2.14
      turbo-linux-mips64le: 1.2.14
      turbo-linux-ppc64le: 1.2.14
      turbo-windows-32: 1.2.14
      turbo-windows-64: 1.2.14
      turbo-windows-arm64: 1.2.14
    dev: true
